
Microsoft Visual Studio Solution File, Format Version 12.00
# Visual Studio Version 17
VisualStudioVersion = 17.6.33723.286
MinimumVisualStudioVersion = 10.0.40219.1
Project("{FAE04EC0-301F-11D3-BF4B-00C04F79EFBC}") = "InventoryService", "InventoryService\InventoryService.csproj", "{79242BBA-79EA-472B-9701-CBF43C2E8099}"
EndProject
Global
	GlobalSection(SolutionConfigurationPlatforms) = preSolution
		Debug|Any CPU = Debug|Any CPU
		Release|Any CPU = Release|Any CPU
	EndGlobalSection
	GlobalSection(ProjectConfigurationPlatforms) = postSolution
		{79242BBA-79EA-472B-9701-CBF43C2E8099}.Debug|Any CPU.ActiveCfg = Debug|Any CPU
		{79242BBA-79EA-472B-9701-CBF43C2E8099}.Debug|Any CPU.Build.0 = Debug|Any CPU
		{79242BBA-79EA-472B-9701-CBF43C2E8099}.Release|Any CPU.ActiveCfg = Release|Any CPU
		{79242BBA-79EA-472B-9701-CBF43C2E8099}.Release|Any CPU.Build.0 = Release|Any CPU
	EndGlobalSection
	GlobalSection(SolutionProperties) = preSolution
		HideSolutionNode = FALSE
	EndGlobalSection
	GlobalSection(ExtensibilityGlobals) = postSolution
		SolutionGuid = {162670BD-23FB-4DF0-9592-0E2131FC5533}
	EndGlobalSection
EndGlobal
